# This file is automatically @generated by Cargo.
# It is not intended for manual editing.
version = 4

[[package]]
name = "lfreleng-fixture-workspace-cli-name-too-long-for-crates-io-by-design"
version = "0.1.0"
dependencies = [
 "lfreleng-fixture-workspace-core-name-too-long-for-crates-io-by-design",
]

[[package]]
name = "lfreleng-fixture-workspace-core-name-too-long-for-crates-io-by-design"
version = "0.1.0"
dependencies = [
 "lfreleng-fixture-workspace-support",
]

[[package]]
name = "lfreleng-fixture-workspace-support"
version = "0.1.0"
